{
  "name": "kern-sandbox",
  "version": "0.1.36",
  "lockfileVersion": 3,
  "requires": true,
  "packages": {
    "": {
      "name": "kern-sandbox",
      "version": "0.1.36",
      "license": "Apache-2.0",
      "os": [
        "linux"
      ],
      "dependencies": {
        "kern-sandbox": "file:../../../../../../tmp/kern-sandbox-0.1.36.tgz"
      },
      "engines": {
        "node": ">=18"
      }
    },
    "node_modules/kern-sandbox": {
      "version": "0.1.36",
      "resolved": "file:../../../../../../tmp/kern-sandbox-0.1.36.tgz",
      "integrity": "sha512-XbURuVNTt+Fj0urCmMNfLm6RIb/a0QlGiemcT+PG+LplAEj7ujQmN1t5IGe6cKjkruOSRHv8LpycsznOuYRylg==",
      "license": "Apache-2.0",
      "os": [
        "linux"
      ],
      "engines": {
        "node": ">=18"
      }
    }
  }
}
